
Microsoft Visual Studio Solution File, Format Version 12.00
# Visual Studio 15
VisualStudioVersion = 15.0.27130.2036
MinimumVisualStudioVersion = 10.0.40219.1
Project("{888888A0-9F3D-457C-B088-3A5042F75D52}") = "pure课件", "pure课件.pyproj", "{ED699DF9-8CD8-411E-ACC9-AC06BF87B9AB}"
EndProject
Global
	GlobalSection(SolutionConfigurationPlatforms) = preSolution
		Debug|Any CPU = Debug|Any CPU
		Release|Any CPU = Release|Any CPU
	EndGlobalSection
	GlobalSection(ProjectConfigurationPlatforms) = postSolution
		{ED699DF9-8CD8-411E-ACC9-AC06BF87B9AB}.Debug|Any CPU.ActiveCfg = Debug|Any CPU
		{ED699DF9-8CD8-411E-ACC9-AC06BF87B9AB}.Release|Any CPU.ActiveCfg = Release|Any CPU
	EndGlobalSection
	GlobalSection(SolutionProperties) = preSolution
		HideSolutionNode = FALSE
	EndGlobalSection
	GlobalSection(ExtensibilityGlobals) = postSolution
		SolutionGuid = {F090529A-FC9A-467F-93D9-F38BBE658559}
	EndGlobalSection
EndGlobal
